version: 1.0
shards:
  kemal:
    github: sdogruyol/kemal
    commit: d41ad908263c330fd10ef7cbc355a5641834f851

  kilt:
    github: jeromegn/kilt
    version: 0.3.3

  mocks:
    github: waterlink/mocks.cr
    version: 0.9.3

  radix:
    github: luislavena/radix
    version: 0.3.1

  singleton:
    github: waterlink/singleton.cr
    version: 0.1.1

