version: 1.0
shards:
  kemal:
    github: sdogruyol/kemal
    commit: 9c1c832c9aacd381bed2948863ee1407346f684f

  kilt:
    github: jeromegn/kilt
    version: 0.3.3

  mocks:
    github: waterlink/mocks.cr
    version: 0.9.3

  multipart:
    github: RX14/multipart.cr
    version: 0.1.1

  radix:
    github: luislavena/radix
    version: 0.3.5

  singleton:
    github: waterlink/singleton.cr
    version: 0.1.1

